
Microsoft Visual Studio Solution File, Format Version 12.00
# Visual Studio 15
VisualStudioVersion = 15.0.26730.15
MinimumVisualStudioVersion = 10.0.40219.1
Project("{9A19103F-16F7-4668-BE54-9A1E7A4F7556}") = "IdentityServerHost", "IdentityServerHost\IdentityServerHost.csproj", "{BFC294D2-BF94-41AD-95B8-712814D15E89}"
EndProject
Global
	GlobalSection(SolutionConfigurationPlatforms) = preSolution
		Debug|Any CPU = Debug|Any CPU
		Release|Any CPU = Release|Any CPU
	EndGlobalSection
	GlobalSection(ProjectConfigurationPlatforms) = postSolution
		{BFC294D2-BF94-41AD-95B8-712814D15E89}.Debug|Any CPU.ActiveCfg = Debug|Any CPU
		{BFC294D2-BF94-41AD-95B8-712814D15E89}.Debug|Any CPU.Build.0 = Debug|Any CPU
		{BFC294D2-BF94-41AD-95B8-712814D15E89}.Release|Any CPU.ActiveCfg = Release|Any CPU
		{BFC294D2-BF94-41AD-95B8-712814D15E89}.Release|Any CPU.Build.0 = Release|Any CPU
	EndGlobalSection
	GlobalSection(SolutionProperties) = preSolution
		HideSolutionNode = FALSE
	EndGlobalSection
	GlobalSection(ExtensibilityGlobals) = postSolution
		SolutionGuid = {87CD59D1-07BD-483B-BF66-13E2C3DF050F}
	EndGlobalSection
EndGlobal
